
Microsoft Visual Studio Solution File, Format Version 12.00
# Visual Studio 14
VisualStudioVersion = 14.0.25123.0
MinimumVisualStudioVersion = 10.0.40219.1
Project("{FAE04EC0-301F-11D3-BF4B-00C04F79EFBC}") = "CPop_Example.Droid", "CPop_Example\CPop_Example.Droid\CPop_Example.Droid.csproj", "{6CC85F2A-AC95-429F-8CDE-4732B8681BC8}"
EndProject
Project("{FAE04EC0-301F-11D3-BF4B-00C04F79EFBC}") = "CPop_Example.iOS", "CPop_Example\CPop_Example.iOS\CPop_Example.iOS.csproj", "{E5C5F9F8-BFA3-48FA-B0DA-89A5F4AE799E}"
EndProject
Project("{FAE04EC0-301F-11D3-BF4B-00C04F79EFBC}") = "CPop_Example.WinPhone", "CPop_Example\CPop_Example.WinPhone\CPop_Example.WinPhone.csproj", "{11A75B20-DEC6-44F8-A68E-6A5B8284C8B1}"
EndProject
Project("{FAE04EC0-301F-11D3-BF4B-00C04F79EFBC}") = "CPop_Example.UWP", "CPop_Example\CPop_Example.UWP\CPop_Example.UWP.csproj", "{F1788839-13B3-4D30-868F-A00921C5583F}"
EndProject
Project("{FAE04EC0-301F-11D3-BF4B-00C04F79EFBC}") = "CPop_Example.Windows", "CPop_Example\CPop_Example.Windows\CPop_Example.Windows.csproj", "{93D2DB7E-5164-472C-ACB4-852812731CDD}"
EndProject
Project("{FAE04EC0-301F-11D3-BF4B-00C04F79EFBC}") = "CPop_Example", "CPop_Example\CPop_Example\CPop_Example.csproj", "{3923D0C0-2769-45C0-9960-2CB145EDC4FC}"
EndProject
Global
	GlobalSection(SolutionConfigurationPlatforms) = preSolution
		Ad-Hoc|Any CPU = Ad-Hoc|Any CPU
		Ad-Hoc|ARM = Ad-Hoc|ARM
		Ad-Hoc|iPhone = Ad-Hoc|iPhone
		Ad-Hoc|iPhoneSimulator = Ad-Hoc|iPhoneSimulator
		Ad-Hoc|x64 = Ad-Hoc|x64
		Ad-Hoc|x86 = Ad-Hoc|x86
		AppStore|Any CPU = AppStore|Any CPU
		AppStore|ARM = AppStore|ARM
		AppStore|iPhone = AppStore|iPhone
		AppStore|iPhoneSimulator = AppStore|iPhoneSimulator
		AppStore|x64 = AppStore|x64
		AppStore|x86 = AppStore|x86
		Debug|Any CPU = Debug|Any CPU
		Debug|ARM = Debug|ARM
		Debug|iPhone = Debug|iPhone
		Debug|iPhoneSimulator = Debug|iPhoneSimulator
		Debug|x64 = Debug|x64
		Debug|x86 = Debug|x86
		Release|Any CPU = Release|Any CPU
		Release|ARM = Release|ARM
		Release|iPhone = Release|iPhone
		Release|iPhoneSimulator = Release|iPhoneSimulator
		Release|x64 = Release|x64
		Release|x86 = Release|x86
	EndGlobalSection
	GlobalSection(ProjectConfigurationPlatforms) = postSolution
		{6CC85F2A-AC95-429F-8CDE-4732B8681BC8}.Ad-Hoc|Any CPU.ActiveCfg = Release|Any CPU
		{6CC85F2A-AC95-429F-8CDE-4732B8681BC8}.Ad-Hoc|Any CPU.Build.0 = Release|Any CPU
		{6CC85F2A-AC95-429F-8CDE-4732B8681BC8}.Ad-Hoc|Any CPU.Deploy.0 = Release|Any CPU
		{6CC85F2A-AC95-429F-8CDE-4732B8681BC8}.Ad-Hoc|ARM.ActiveCfg = Release|Any CPU
		{6CC85F2A-AC95-429F-8CDE-4732B8681BC8}.Ad-Hoc|ARM.Build.0 = Release|Any CPU
		{6CC85F2A-AC95-429F-8CDE-4732B8681BC8}.Ad-Hoc|ARM.Deploy.0 = Release|Any CPU
		{6CC85F2A-AC95-429F-8CDE-4732B8681BC8}.Ad-Hoc|iPhone.ActiveCfg = Release|Any CPU
		{6CC85F2A-AC95-429F-8CDE-4732B8681BC8}.Ad-Hoc|iPhone.Build.0 = Release|Any CPU
		{6CC85F2A-AC95-429F-8CDE-4732B8681BC8}.Ad-Hoc|iPhone.Deploy.0 = Release|Any CPU
		{6CC85F2A-AC95-429F-8CDE-4732B8681BC8}.Ad-Hoc|iPhoneSimulator.ActiveCfg = Release|Any CPU
		{6CC85F2A-AC95-429F-8CDE-4732B8681BC8}.Ad-Hoc|iPhoneSimulator.Build.0 = Release|Any CPU
		{6CC85F2A-AC95-429F-8CDE-4732B8681BC8}.Ad-Hoc|iPhoneSimulator.Deploy.0 = Release|Any CPU
		{6CC85F2A-AC95-429F-8CDE-4732B8681BC8}.Ad-Hoc|x64.ActiveCfg = Release|Any CPU
		{6CC85F2A-AC95-429F-8CDE-4732B8681BC8}.Ad-Hoc|x64.Build.0 = Release|Any CPU
		{6CC85F2A-AC95-429F-8CDE-4732B8681BC8}.Ad-Hoc|x64.Deploy.0 = Release|Any CPU
		{6CC85F2A-AC95-429F-8CDE-4732B8681BC8}.Ad-Hoc|x86.ActiveCfg = Release|Any CPU
		{6CC85F2A-AC95-429F-8CDE-4732B8681BC8}.Ad-Hoc|x86.Build.0 = Release|Any CPU
		{6CC85F2A-AC95-429F-8CDE-4732B8681BC8}.Ad-Hoc|x86.Deploy.0 = Release|Any CPU
		{6CC85F2A-AC95-429F-8CDE-4732B8681BC8}.AppStore|Any CPU.ActiveCfg = Release|Any CPU
		{6CC85F2A-AC95-429F-8CDE-4732B8681BC8}.AppStore|Any CPU.Build.0 = Release|Any CPU
		{6CC85F2A-AC95-429F-8CDE-4732B8681BC8}.AppStore|Any CPU.Deploy.0 = Release|Any CPU
		{6CC85F2A-AC95-429F-8CDE-4732B8681BC8}.AppStore|ARM.ActiveCfg = Release|Any CPU
		{6CC85F2A-AC95-429F-8CDE-4732B8681BC8}.AppStore|ARM.Build.0 = Release|Any CPU
		{6CC85F2A-AC95-429F-8CDE-4732B8681BC8}.AppStore|ARM.Deploy.0 = Release|Any CPU
		{6CC85F2A-AC95-429F-8CDE-4732B8681BC8}.AppStore|iPhone.ActiveCfg = Release|Any CPU
		{6CC85F2A-AC95-429F-8CDE-4732B8681BC8}.AppStore|iPhone.Build.0 = Release|Any CPU
		{6CC85F2A-AC95-429F-8CDE-4732B8681BC8}.AppStore|iPhone.Deploy.0 = Release|Any CPU
		{6CC85F2A-AC95-429F-8CDE-4732B8681BC8}.AppStore|iPhoneSimulator.ActiveCfg = Release|Any CPU
		{6CC85F2A-AC95-429F-8CDE-4732B8681BC8}.AppStore|iPhoneSimulator.Build.0 = Release|Any CPU
		{6CC85F2A-AC95-429F-8CDE-4732B8681BC8}.AppStore|iPhoneSimulator.Deploy.0 = Release|Any CPU
		{6CC85F2A-AC95-429F-8CDE-4732B8681BC8}.AppStore|x64.ActiveCfg = Release|Any CPU
		{6CC85F2A-AC95-429F-8CDE-4732B8681BC8}.AppStore|x64.Build.0 = Release|Any CPU
		{6CC85F2A-AC95-429F-8CDE-4732B8681BC8}.AppStore|x64.Deploy.0 = Release|Any CPU
		{6CC85F2A-AC95-429F-8CDE-4732B8681BC8}.AppStore|x86.ActiveCfg = Release|Any CPU
		{6CC85F2A-AC95-429F-8CDE-4732B8681BC8}.AppStore|x86.Build.0 = Release|Any CPU
		{6CC85F2A-AC95-429F-8CDE-4732B8681BC8}.AppStore|x86.Deploy.0 = Release|Any CPU
		{6CC85F2A-AC95-429F-8CDE-4732B8681BC8}.Debug|Any CPU.ActiveCfg = Debug|Any CPU
		{6CC85F2A-AC95-429F-8CDE-4732B8681BC8}.Debug|Any CPU.Build.0 = Debug|Any CPU
		{6CC85F2A-AC95-429F-8CDE-4732B8681BC8}.Debug|Any CPU.Deploy.0 = Debug|Any CPU
		{6CC85F2A-AC95-429F-8CDE-4732B8681BC8}.Debug|ARM.ActiveCfg = Debug|Any CPU
		{6CC85F2A-AC95-429F-8CDE-4732B8681BC8}.Debug|ARM.Build.0 = Debug|Any CPU
		{6CC85F2A-AC95-429F-8CDE-4732B8681BC8}.Debug|ARM.Deploy.0 = Debug|Any CPU
		{6CC85F2A-AC95-429F-8CDE-4732B8681BC8}.Debug|iPhone.ActiveCfg = Debug|Any CPU
		{6CC85F2A-AC95-429F-8CDE-4732B8681BC8}.Debug|iPhone.Build.0 = Debug|Any CPU
		{6CC85F2A-AC95-429F-8CDE-4732B8681BC8}.Debug|iPhone.Deploy.0 = Debug|Any CPU
		{6CC85F2A-AC95-429F-8CDE-4732B8681BC8}.Debug|iPhoneSimulator.ActiveCfg = Debug|Any CPU
		{6CC85F2A-AC95-429F-8CDE-4732B8681BC8}.Debug|iPhoneSimulator.Build.0 = Debug|Any CPU
		{6CC85F2A-AC95-429F-8CDE-4732B8681BC8}.Debug|iPhoneSimulator.Deploy.0 = Debug|Any CPU
		{6CC85F2A-AC95-429F-8CDE-4732B8681BC8}.Debug|x64.ActiveCfg = Debug|Any CPU
		{6CC85F2A-AC95-429F-8CDE-4732B8681BC8}.Debug|x64.Build.0 = Debug|Any CPU
		{6CC85F2A-AC95-429F-8CDE-4732B8681BC8}.Debug|x64.Deploy.0 = Debug|Any CPU
		{6CC85F2A-AC95-429F-8CDE-4732B8681BC8}.Debug|x86.ActiveCfg = Debug|Any CPU
		{6CC85F2A-AC95-429F-8CDE-4732B8681BC8}.Debug|x86.Build.0 = Debug|Any CPU
		{6CC85F2A-AC95-429F-8CDE-4732B8681BC8}.Debug|x86.Deploy.0 = Debug|Any CPU
		{6CC85F2A-AC95-429F-8CDE-4732B8681BC8}.Release|Any CPU.ActiveCfg = Release|Any CPU
		{6CC85F2A-AC95-429F-8CDE-4732B8681BC8}.Release|Any CPU.Build.0 = Release|Any CPU
		{6CC85F2A-AC95-429F-8CDE-4732B8681BC8}.Release|Any CPU.Deploy.0 = Release|Any CPU
		{6CC85F2A-AC95-429F-8CDE-4732B8681BC8}.Release|ARM.ActiveCfg = Release|Any CPU
		{6CC85F2A-AC95-429F-8CDE-4732B8681BC8}.Release|ARM.Build.0 = Release|Any CPU
		{6CC85F2A-AC95-429F-8CDE-4732B8681BC8}.Release|ARM.Deploy.0 = Release|Any CPU
		{6CC85F2A-AC95-429F-8CDE-4732B8681BC8}.Release|iPhone.ActiveCfg = Release|Any CPU
		{6CC85F2A-AC95-429F-8CDE-4732B8681BC8}.Release|iPhone.Build.0 = Release|Any CPU
		{6CC85F2A-AC95-429F-8CDE-4732B8681BC8}.Release|iPhone.Deploy.0 = Release|Any CPU
		{6CC85F2A-AC95-429F-8CDE-4732B8681BC8}.Release|iPhoneSimulator.ActiveCfg = Release|Any CPU
		{6CC85F2A-AC95-429F-8CDE-4732B8681BC8}.Release|iPhoneSimulator.Build.0 = Release|Any CPU
		{6CC85F2A-AC95-429F-8CDE-4732B8681BC8}.Release|iPhoneSimulator.Deploy.0 = Release|Any CPU
		{6CC85F2A-AC95-429F-8CDE-4732B8681BC8}.Release|x64.ActiveCfg = Release|Any CPU
		{6CC85F2A-AC95-429F-8CDE-4732B8681BC8}.Release|x64.Build.0 = Release|Any CPU
		{6CC85F2A-AC95-429F-8CDE-4732B8681BC8}.Release|x64.Deploy.0 = Release|Any CPU
		{6CC85F2A-AC95-429F-8CDE-4732B8681BC8}.Release|x86.ActiveCfg = Release|Any CPU
		{6CC85F2A-AC95-429F-8CDE-4732B8681BC8}.Release|x86.Build.0 = Release|Any CPU
		{6CC85F2A-AC95-429F-8CDE-4732B8681BC8}.Release|x86.Deploy.0 = Release|Any CPU
		{E5C5F9F8-BFA3-48FA-B0DA-89A5F4AE799E}.Ad-Hoc|Any CPU.ActiveCfg = Ad-Hoc|iPhone
		{E5C5F9F8-BFA3-48FA-B0DA-89A5F4AE799E}.Ad-Hoc|ARM.ActiveCfg = Ad-Hoc|iPhone
		{E5C5F9F8-BFA3-48FA-B0DA-89A5F4AE799E}.Ad-Hoc|iPhone.ActiveCfg = Ad-Hoc|iPhone
		{E5C5F9F8-BFA3-48FA-B0DA-89A5F4AE799E}.Ad-Hoc|iPhone.Build.0 = Ad-Hoc|iPhone
		{E5C5F9F8-BFA3-48FA-B0DA-89A5F4AE799E}.Ad-Hoc|iPhoneSimulator.ActiveCfg = Ad-Hoc|iPhoneSimulator
		{E5C5F9F8-BFA3-48FA-B0DA-89A5F4AE799E}.Ad-Hoc|iPhoneSimulator.Build.0 = Ad-Hoc|iPhoneSimulator
		{E5C5F9F8-BFA3-48FA-B0DA-89A5F4AE799E}.Ad-Hoc|x64.ActiveCfg = Ad-Hoc|iPhone
		{E5C5F9F8-BFA3-48FA-B0DA-89A5F4AE799E}.Ad-Hoc|x86.ActiveCfg = Ad-Hoc|iPhone
		{E5C5F9F8-BFA3-48FA-B0DA-89A5F4AE799E}.AppStore|Any CPU.ActiveCfg = AppStore|iPhone
		{E5C5F9F8-BFA3-48FA-B0DA-89A5F4AE799E}.AppStore|ARM.ActiveCfg = AppStore|iPhone
		{E5C5F9F8-BFA3-48FA-B0DA-89A5F4AE799E}.AppStore|iPhone.ActiveCfg = AppStore|iPhone
		{E5C5F9F8-BFA3-48FA-B0DA-89A5F4AE799E}.AppStore|iPhone.Build.0 = AppStore|iPhone
		{E5C5F9F8-BFA3-48FA-B0DA-89A5F4AE799E}.AppStore|iPhoneSimulator.ActiveCfg = AppStore|iPhoneSimulator
		{E5C5F9F8-BFA3-48FA-B0DA-89A5F4AE799E}.AppStore|iPhoneSimulator.Build.0 = AppStore|iPhoneSimulator
		{E5C5F9F8-BFA3-48FA-B0DA-89A5F4AE799E}.AppStore|x64.ActiveCfg = AppStore|iPhone
		{E5C5F9F8-BFA3-48FA-B0DA-89A5F4AE799E}.AppStore|x86.ActiveCfg = AppStore|iPhone
		{E5C5F9F8-BFA3-48FA-B0DA-89A5F4AE799E}.Debug|Any CPU.ActiveCfg = Debug|iPhone
		{E5C5F9F8-BFA3-48FA-B0DA-89A5F4AE799E}.Debug|ARM.ActiveCfg = Debug|iPhone
		{E5C5F9F8-BFA3-48FA-B0DA-89A5F4AE799E}.Debug|iPhone.ActiveCfg = Debug|iPhone
		{E5C5F9F8-BFA3-48FA-B0DA-89A5F4AE799E}.Debug|iPhone.Build.0 = Debug|iPhone
		{E5C5F9F8-BFA3-48FA-B0DA-89A5F4AE799E}.Debug|iPhoneSimulator.ActiveCfg = Debug|iPhoneSimulator
		{E5C5F9F8-BFA3-48FA-B0DA-89A5F4AE799E}.Debug|iPhoneSimulator.Build.0 = Debug|iPhoneSimulator
		{E5C5F9F8-BFA3-48FA-B0DA-89A5F4AE799E}.Debug|x64.ActiveCfg = Debug|iPhone
		{E5C5F9F8-BFA3-48FA-B0DA-89A5F4AE799E}.Debug|x86.ActiveCfg = Debug|iPhone
		{E5C5F9F8-BFA3-48FA-B0DA-89A5F4AE799E}.Release|Any CPU.ActiveCfg = Release|iPhone
		{E5C5F9F8-BFA3-48FA-B0DA-89A5F4AE799E}.Release|ARM.ActiveCfg = Release|iPhone
		{E5C5F9F8-BFA3-48FA-B0DA-89A5F4AE799E}.Release|iPhone.ActiveCfg = Release|iPhone
		{E5C5F9F8-BFA3-48FA-B0DA-89A5F4AE799E}.Release|iPhone.Build.0 = Release|iPhone
		{E5C5F9F8-BFA3-48FA-B0DA-89A5F4AE799E}.Release|iPhoneSimulator.ActiveCfg = Release|iPhoneSimulator
		{E5C5F9F8-BFA3-48FA-B0DA-89A5F4AE799E}.Release|iPhoneSimulator.Build.0 = Release|iPhoneSimulator
		{E5C5F9F8-BFA3-48FA-B0DA-89A5F4AE799E}.Release|x64.ActiveCfg = Release|iPhone
		{E5C5F9F8-BFA3-48FA-B0DA-89A5F4AE799E}.Release|x86.ActiveCfg = Release|iPhone
		{11A75B20-DEC6-44F8-A68E-6A5B8284C8B1}.Ad-Hoc|Any CPU.ActiveCfg = Release|Any CPU
		{11A75B20-DEC6-44F8-A68E-6A5B8284C8B1}.Ad-Hoc|Any CPU.Build.0 = Release|Any CPU
		{11A75B20-DEC6-44F8-A68E-6A5B8284C8B1}.Ad-Hoc|Any CPU.Deploy.0 = Release|Any CPU
		{11A75B20-DEC6-44F8-A68E-6A5B8284C8B1}.Ad-Hoc|ARM.ActiveCfg = Release|ARM
		{11A75B20-DEC6-44F8-A68E-6A5B8284C8B1}.Ad-Hoc|ARM.Build.0 = Release|ARM
		{11A75B20-DEC6-44F8-A68E-6A5B8284C8B1}.Ad-Hoc|ARM.Deploy.0 = Release|ARM
		{11A75B20-DEC6-44F8-A68E-6A5B8284C8B1}.Ad-Hoc|iPhone.ActiveCfg = Release|Any CPU
		{11A75B20-DEC6-44F8-A68E-6A5B8284C8B1}.Ad-Hoc|iPhone.Build.0 = Release|Any CPU
		{11A75B20-DEC6-44F8-A68E-6A5B8284C8B1}.Ad-Hoc|iPhone.Deploy.0 = Release|Any CPU
		{11A75B20-DEC6-44F8-A68E-6A5B8284C8B1}.Ad-Hoc|iPhoneSimulator.ActiveCfg = Release|Any CPU
		{11A75B20-DEC6-44F8-A68E-6A5B8284C8B1}.Ad-Hoc|iPhoneSimulator.Build.0 = Release|Any CPU
		{11A75B20-DEC6-44F8-A68E-6A5B8284C8B1}.Ad-Hoc|iPhoneSimulator.Deploy.0 = Release|Any CPU
		{11A75B20-DEC6-44F8-A68E-6A5B8284C8B1}.Ad-Hoc|x64.ActiveCfg = Release|Any CPU
		{11A75B20-DEC6-44F8-A68E-6A5B8284C8B1}.Ad-Hoc|x64.Build.0 = Release|Any CPU
		{11A75B20-DEC6-44F8-A68E-6A5B8284C8B1}.Ad-Hoc|x64.Deploy.0 = Release|Any CPU
		{11A75B20-DEC6-44F8-A68E-6A5B8284C8B1}.Ad-Hoc|x86.ActiveCfg = Release|x86
		{11A75B20-DEC6-44F8-A68E-6A5B8284C8B1}.Ad-Hoc|x86.Build.0 = Release|x86
		{11A75B20-DEC6-44F8-A68E-6A5B8284C8B1}.Ad-Hoc|x86.Deploy.0 = Release|x86
		{11A75B20-DEC6-44F8-A68E-6A5B8284C8B1}.AppStore|Any CPU.ActiveCfg = Release|Any CPU
		{11A75B20-DEC6-44F8-A68E-6A5B8284C8B1}.AppStore|Any CPU.Build.0 = Release|Any CPU
		{11A75B20-DEC6-44F8-A68E-6A5B8284C8B1}.AppStore|Any CPU.Deploy.0 = Release|Any CPU
		{11A75B20-DEC6-44F8-A68E-6A5B8284C8B1}.AppStore|ARM.ActiveCfg = Release|ARM
		{11A75B20-DEC6-44F8-A68E-6A5B8284C8B1}.AppStore|ARM.Build.0 = Release|ARM
		{11A75B20-DEC6-44F8-A68E-6A5B8284C8B1}.AppStore|ARM.Deploy.0 = Release|ARM
		{11A75B20-DEC6-44F8-A68E-6A5B8284C8B1}.AppStore|iPhone.ActiveCfg = Release|Any CPU
		{11A75B20-DEC6-44F8-A68E-6A5B8284C8B1}.AppStore|iPhone.Build.0 = Release|Any CPU
		{11A75B20-DEC6-44F8-A68E-6A5B8284C8B1}.AppStore|iPhone.Deploy.0 = Release|Any CPU
		{11A75B20-DEC6-44F8-A68E-6A5B8284C8B1}.AppStore|iPhoneSimulator.ActiveCfg = Release|Any CPU
		{11A75B20-DEC6-44F8-A68E-6A5B8284C8B1}.AppStore|iPhoneSimulator.Build.0 = Release|Any CPU
		{11A75B20-DEC6-44F8-A68E-6A5B8284C8B1}.AppStore|iPhoneSimulator.Deploy.0 = Release|Any CPU
		{11A75B20-DEC6-44F8-A68E-6A5B8284C8B1}.AppStore|x64.ActiveCfg = Release|Any CPU
		{11A75B20-DEC6-44F8-A68E-6A5B8284C8B1}.AppStore|x64.Build.0 = Release|Any CPU
		{11A75B20-DEC6-44F8-A68E-6A5B8284C8B1}.AppStore|x64.Deploy.0 = Release|Any CPU
		{11A75B20-DEC6-44F8-A68E-6A5B8284C8B1}.AppStore|x86.ActiveCfg = Release|x86
		{11A75B20-DEC6-44F8-A68E-6A5B8284C8B1}.AppStore|x86.Build.0 = Release|x86
		{11A75B20-DEC6-44F8-A68E-6A5B8284C8B1}.AppStore|x86.Deploy.0 = Release|x86
		{11A75B20-DEC6-44F8-A68E-6A5B8284C8B1}.Debug|Any CPU.ActiveCfg = Debug|Any CPU
		{11A75B20-DEC6-44F8-A68E-6A5B8284C8B1}.Debug|Any CPU.Build.0 = Debug|Any CPU
		{11A75B20-DEC6-44F8-A68E-6A5B8284C8B1}.Debug|Any CPU.Deploy.0 = Debug|Any CPU
		{11A75B20-DEC6-44F8-A68E-6A5B8284C8B1}.Debug|ARM.ActiveCfg = Debug|ARM
		{11A75B20-DEC6-44F8-A68E-6A5B8284C8B1}.Debug|ARM.Build.0 = Debug|ARM
		{11A75B20-DEC6-44F8-A68E-6A5B8284C8B1}.Debug|ARM.Deploy.0 = Debug|ARM
		{11A75B20-DEC6-44F8-A68E-6A5B8284C8B1}.Debug|iPhone.ActiveCfg = Debug|Any CPU
		{11A75B20-DEC6-44F8-A68E-6A5B8284C8B1}.Debug|iPhone.Build.0 = Debug|Any CPU
		{11A75B20-DEC6-44F8-A68E-6A5B8284C8B1}.Debug|iPhone.Deploy.0 = Debug|Any CPU
		{11A75B20-DEC6-44F8-A68E-6A5B8284C8B1}.Debug|iPhoneSimulator.ActiveCfg = Debug|Any CPU
		{11A75B20-DEC6-44F8-A68E-6A5B8284C8B1}.Debug|iPhoneSimulator.Build.0 = Debug|Any CPU
		{11A75B20-DEC6-44F8-A68E-6A5B8284C8B1}.Debug|iPhoneSimulator.Deploy.0 = Debug|Any CPU
		{11A75B20-DEC6-44F8-A68E-6A5B8284C8B1}.Debug|x64.ActiveCfg = Debug|Any CPU
		{11A75B20-DEC6-44F8-A68E-6A5B8284C8B1}.Debug|x64.Build.0 = Debug|Any CPU
		{11A75B20-DEC6-44F8-A68E-6A5B8284C8B1}.Debug|x64.Deploy.0 = Debug|Any CPU
		{11A75B20-DEC6-44F8-A68E-6A5B8284C8B1}.Debug|x86.ActiveCfg = Debug|x86
		{11A75B20-DEC6-44F8-A68E-6A5B8284C8B1}.Debug|x86.Build.0 = Debug|x86
		{11A75B20-DEC6-44F8-A68E-6A5B8284C8B1}.Debug|x86.Deploy.0 = Debug|x86
		{11A75B20-DEC6-44F8-A68E-6A5B8284C8B1}.Release|Any CPU.ActiveCfg = Release|Any CPU
		{11A75B20-DEC6-44F8-A68E-6A5B8284C8B1}.Release|Any CPU.Build.0 = Release|Any CPU
		{11A75B20-DEC6-44F8-A68E-6A5B8284C8B1}.Release|Any CPU.Deploy.0 = Release|Any CPU
		{11A75B20-DEC6-44F8-A68E-6A5B8284C8B1}.Release|ARM.ActiveCfg = Release|ARM
		{11A75B20-DEC6-44F8-A68E-6A5B8284C8B1}.Release|ARM.Build.0 = Release|ARM
		{11A75B20-DEC6-44F8-A68E-6A5B8284C8B1}.Release|ARM.Deploy.0 = Release|ARM
		{11A75B20-DEC6-44F8-A68E-6A5B8284C8B1}.Release|iPhone.ActiveCfg = Release|Any CPU
		{11A75B20-DEC6-44F8-A68E-6A5B8284C8B1}.Release|iPhone.Build.0 = Release|Any CPU
		{11A75B20-DEC6-44F8-A68E-6A5B8284C8B1}.Release|iPhone.Deploy.0 = Release|Any CPU
		{11A75B20-DEC6-44F8-A68E-6A5B8284C8B1}.Release|iPhoneSimulator.ActiveCfg = Release|Any CPU
		{11A75B20-DEC6-44F8-A68E-6A5B8284C8B1}.Release|iPhoneSimulator.Build.0 = Release|Any CPU
		{11A75B20-DEC6-44F8-A68E-6A5B8284C8B1}.Release|iPhoneSimulator.Deploy.0 = Release|Any CPU
		{11A75B20-DEC6-44F8-A68E-6A5B8284C8B1}.Release|x64.ActiveCfg = Release|Any CPU
		{11A75B20-DEC6-44F8-A68E-6A5B8284C8B1}.Release|x64.Build.0 = Release|Any CPU
		{11A75B20-DEC6-44F8-A68E-6A5B8284C8B1}.Release|x64.Deploy.0 = Release|Any CPU
		{11A75B20-DEC6-44F8-A68E-6A5B8284C8B1}.Release|x86.ActiveCfg = Release|x86
		{11A75B20-DEC6-44F8-A68E-6A5B8284C8B1}.Release|x86.Build.0 = Release|x86
		{11A75B20-DEC6-44F8-A68E-6A5B8284C8B1}.Release|x86.Deploy.0 = Release|x86
		{F1788839-13B3-4D30-868F-A00921C5583F}.Ad-Hoc|Any CPU.ActiveCfg = Release|x86
		{F1788839-13B3-4D30-868F-A00921C5583F}.Ad-Hoc|Any CPU.Build.0 = Release|x86
		{F1788839-13B3-4D30-868F-A00921C5583F}.Ad-Hoc|Any CPU.Deploy.0 = Release|x86
		{F1788839-13B3-4D30-868F-A00921C5583F}.Ad-Hoc|ARM.ActiveCfg = Release|ARM
		{F1788839-13B3-4D30-868F-A00921C5583F}.Ad-Hoc|ARM.Build.0 = Release|ARM
		{F1788839-13B3-4D30-868F-A00921C5583F}.Ad-Hoc|ARM.Deploy.0 = Release|ARM
		{F1788839-13B3-4D30-868F-A00921C5583F}.Ad-Hoc|iPhone.ActiveCfg = Release|x86
		{F1788839-13B3-4D30-868F-A00921C5583F}.Ad-Hoc|iPhone.Build.0 = Release|x86
		{F1788839-13B3-4D30-868F-A00921C5583F}.Ad-Hoc|iPhone.Deploy.0 = Release|x86
		{F1788839-13B3-4D30-868F-A00921C5583F}.Ad-Hoc|iPhoneSimulator.ActiveCfg = Release|x86
		{F1788839-13B3-4D30-868F-A00921C5583F}.Ad-Hoc|iPhoneSimulator.Build.0 = Release|x86
		{F1788839-13B3-4D30-868F-A00921C5583F}.Ad-Hoc|iPhoneSimulator.Deploy.0 = Release|x86
		{F1788839-13B3-4D30-868F-A00921C5583F}.Ad-Hoc|x64.ActiveCfg = Release|x64
		{F1788839-13B3-4D30-868F-A00921C5583F}.Ad-Hoc|x64.Build.0 = Release|x64
		{F1788839-13B3-4D30-868F-A00921C5583F}.Ad-Hoc|x64.Deploy.0 = Release|x64
		{F1788839-13B3-4D30-868F-A00921C5583F}.Ad-Hoc|x86.ActiveCfg = Release|x86
		{F1788839-13B3-4D30-868F-A00921C5583F}.Ad-Hoc|x86.Build.0 = Release|x86
		{F1788839-13B3-4D30-868F-A00921C5583F}.Ad-Hoc|x86.Deploy.0 = Release|x86
		{F1788839-13B3-4D30-868F-A00921C5583F}.AppStore|Any CPU.ActiveCfg = Release|x86
		{F1788839-13B3-4D30-868F-A00921C5583F}.AppStore|Any CPU.Build.0 = Release|x86
		{F1788839-13B3-4D30-868F-A00921C5583F}.AppStore|Any CPU.Deploy.0 = Release|x86
		{F1788839-13B3-4D30-868F-A00921C5583F}.AppStore|ARM.ActiveCfg = Release|ARM
		{F1788839-13B3-4D30-868F-A00921C5583F}.AppStore|ARM.Build.0 = Release|ARM
		{F1788839-13B3-4D30-868F-A00921C5583F}.AppStore|ARM.Deploy.0 = Release|ARM
		{F1788839-13B3-4D30-868F-A00921C5583F}.AppStore|iPhone.ActiveCfg = Release|x86
		{F1788839-13B3-4D30-868F-A00921C5583F}.AppStore|iPhone.Build.0 = Release|x86
		{F1788839-13B3-4D30-868F-A00921C5583F}.AppStore|iPhone.Deploy.0 = Release|x86
		{F1788839-13B3-4D30-868F-A00921C5583F}.AppStore|iPhoneSimulator.ActiveCfg = Release|x86
		{F1788839-13B3-4D30-868F-A00921C5583F}.AppStore|iPhoneSimulator.Build.0 = Release|x86
		{F1788839-13B3-4D30-868F-A00921C5583F}.AppStore|iPhoneSimulator.Deploy.0 = Release|x86
		{F1788839-13B3-4D30-868F-A00921C5583F}.AppStore|x64.ActiveCfg = Release|x64
		{F1788839-13B3-4D30-868F-A00921C5583F}.AppStore|x64.Build.0 = Release|x64
		{F1788839-13B3-4D30-868F-A00921C5583F}.AppStore|x64.Deploy.0 = Release|x64
		{F1788839-13B3-4D30-868F-A00921C5583F}.AppStore|x86.ActiveCfg = Release|x86
		{F1788839-13B3-4D30-868F-A00921C5583F}.AppStore|x86.Build.0 = Release|x86
		{F1788839-13B3-4D30-868F-A00921C5583F}.AppStore|x86.Deploy.0 = Release|x86
		{F1788839-13B3-4D30-868F-A00921C5583F}.Debug|Any CPU.ActiveCfg = Debug|x86
		{F1788839-13B3-4D30-868F-A00921C5583F}.Debug|Any CPU.Deploy.0 = Debug|x86
		{F1788839-13B3-4D30-868F-A00921C5583F}.Debug|ARM.ActiveCfg = Debug|ARM
		{F1788839-13B3-4D30-868F-A00921C5583F}.Debug|ARM.Build.0 = Debug|ARM
		{F1788839-13B3-4D30-868F-A00921C5583F}.Debug|ARM.Deploy.0 = Debug|ARM
		{F1788839-13B3-4D30-868F-A00921C5583F}.Debug|iPhone.ActiveCfg = Debug|x86
		{F1788839-13B3-4D30-868F-A00921C5583F}.Debug|iPhoneSimulator.ActiveCfg = Debug|x86
		{F1788839-13B3-4D30-868F-A00921C5583F}.Debug|x64.ActiveCfg = Debug|x64
		{F1788839-13B3-4D30-868F-A00921C5583F}.Debug|x64.Build.0 = Debug|x64
		{F1788839-13B3-4D30-868F-A00921C5583F}.Debug|x64.Deploy.0 = Debug|x64
		{F1788839-13B3-4D30-868F-A00921C5583F}.Debug|x86.ActiveCfg = Debug|x86
		{F1788839-13B3-4D30-868F-A00921C5583F}.Debug|x86.Build.0 = Debug|x86
		{F1788839-13B3-4D30-868F-A00921C5583F}.Debug|x86.Deploy.0 = Debug|x86
		{F1788839-13B3-4D30-868F-A00921C5583F}.Release|Any CPU.ActiveCfg = Release|x86
		{F1788839-13B3-4D30-868F-A00921C5583F}.Release|ARM.ActiveCfg = Release|ARM
		{F1788839-13B3-4D30-868F-A00921C5583F}.Release|ARM.Build.0 = Release|ARM
		{F1788839-13B3-4D30-868F-A00921C5583F}.Release|ARM.Deploy.0 = Release|ARM
		{F1788839-13B3-4D30-868F-A00921C5583F}.Release|iPhone.ActiveCfg = Release|x86
		{F1788839-13B3-4D30-868F-A00921C5583F}.Release|iPhoneSimulator.ActiveCfg = Release|x86
		{F1788839-13B3-4D30-868F-A00921C5583F}.Release|x64.ActiveCfg = Release|x64
		{F1788839-13B3-4D30-868F-A00921C5583F}.Release|x64.Build.0 = Release|x64
		{F1788839-13B3-4D30-868F-A00921C5583F}.Release|x64.Deploy.0 = Release|x64
		{F1788839-13B3-4D30-868F-A00921C5583F}.Release|x86.ActiveCfg = Release|x86
		{F1788839-13B3-4D30-868F-A00921C5583F}.Release|x86.Build.0 = Release|x86
		{F1788839-13B3-4D30-868F-A00921C5583F}.Release|x86.Deploy.0 = Release|x86
		{93D2DB7E-5164-472C-ACB4-852812731CDD}.Ad-Hoc|Any CPU.ActiveCfg = Release|Any CPU
		{93D2DB7E-5164-472C-ACB4-852812731CDD}.Ad-Hoc|Any CPU.Build.0 = Release|Any CPU
		{93D2DB7E-5164-472C-ACB4-852812731CDD}.Ad-Hoc|Any CPU.Deploy.0 = Release|Any CPU
		{93D2DB7E-5164-472C-ACB4-852812731CDD}.Ad-Hoc|ARM.ActiveCfg = Release|ARM
		{93D2DB7E-5164-472C-ACB4-852812731CDD}.Ad-Hoc|ARM.Build.0 = Release|ARM
		{93D2DB7E-5164-472C-ACB4-852812731CDD}.Ad-Hoc|ARM.Deploy.0 = Release|ARM
		{93D2DB7E-5164-472C-ACB4-852812731CDD}.Ad-Hoc|iPhone.ActiveCfg = Release|Any CPU
		{93D2DB7E-5164-472C-ACB4-852812731CDD}.Ad-Hoc|iPhone.Build.0 = Release|Any CPU
		{93D2DB7E-5164-472C-ACB4-852812731CDD}.Ad-Hoc|iPhone.Deploy.0 = Release|Any CPU
		{93D2DB7E-5164-472C-ACB4-852812731CDD}.Ad-Hoc|iPhoneSimulator.ActiveCfg = Release|Any CPU
		{93D2DB7E-5164-472C-ACB4-852812731CDD}.Ad-Hoc|iPhoneSimulator.Build.0 = Release|Any CPU
		{93D2DB7E-5164-472C-ACB4-852812731CDD}.Ad-Hoc|iPhoneSimulator.Deploy.0 = Release|Any CPU
		{93D2DB7E-5164-472C-ACB4-852812731CDD}.Ad-Hoc|x64.ActiveCfg = Release|x64
		{93D2DB7E-5164-472C-ACB4-852812731CDD}.Ad-Hoc|x64.Build.0 = Release|x64
		{93D2DB7E-5164-472C-ACB4-852812731CDD}.Ad-Hoc|x64.Deploy.0 = Release|x64
		{93D2DB7E-5164-472C-ACB4-852812731CDD}.Ad-Hoc|x86.ActiveCfg = Release|x86
		{93D2DB7E-5164-472C-ACB4-852812731CDD}.Ad-Hoc|x86.Build.0 = Release|x86
		{93D2DB7E-5164-472C-ACB4-852812731CDD}.Ad-Hoc|x86.Deploy.0 = Release|x86
		{93D2DB7E-5164-472C-ACB4-852812731CDD}.AppStore|Any CPU.ActiveCfg = Release|Any CPU
		{93D2DB7E-5164-472C-ACB4-852812731CDD}.AppStore|Any CPU.Build.0 = Release|Any CPU
		{93D2DB7E-5164-472C-ACB4-852812731CDD}.AppStore|Any CPU.Deploy.0 = Release|Any CPU
		{93D2DB7E-5164-472C-ACB4-852812731CDD}.AppStore|ARM.ActiveCfg = Release|ARM
		{93D2DB7E-5164-472C-ACB4-852812731CDD}.AppStore|ARM.Build.0 = Release|ARM
		{93D2DB7E-5164-472C-ACB4-852812731CDD}.AppStore|ARM.Deploy.0 = Release|ARM
		{93D2DB7E-5164-472C-ACB4-852812731CDD}.AppStore|iPhone.ActiveCfg = Release|Any CPU
		{93D2DB7E-5164-472C-ACB4-852812731CDD}.AppStore|iPhone.Build.0 = Release|Any CPU
		{93D2DB7E-5164-472C-ACB4-852812731CDD}.AppStore|iPhone.Deploy.0 = Release|Any CPU
		{93D2DB7E-5164-472C-ACB4-852812731CDD}.AppStore|iPhoneSimulator.ActiveCfg = Release|Any CPU
		{93D2DB7E-5164-472C-ACB4-852812731CDD}.AppStore|iPhoneSimulator.Build.0 = Release|Any CPU
		{93D2DB7E-5164-472C-ACB4-852812731CDD}.AppStore|iPhoneSimulator.Deploy.0 = Release|Any CPU
		{93D2DB7E-5164-472C-ACB4-852812731CDD}.AppStore|x64.ActiveCfg = Release|x64
		{93D2DB7E-5164-472C-ACB4-852812731CDD}.AppStore|x64.Build.0 = Release|x64
		{93D2DB7E-5164-472C-ACB4-852812731CDD}.AppStore|x64.Deploy.0 = Release|x64
		{93D2DB7E-5164-472C-ACB4-852812731CDD}.AppStore|x86.ActiveCfg = Release|x86
		{93D2DB7E-5164-472C-ACB4-852812731CDD}.AppStore|x86.Build.0 = Release|x86
		{93D2DB7E-5164-472C-ACB4-852812731CDD}.AppStore|x86.Deploy.0 = Release|x86
		{93D2DB7E-5164-472C-ACB4-852812731CDD}.Debug|Any CPU.ActiveCfg = Debug|Any CPU
		{93D2DB7E-5164-472C-ACB4-852812731CDD}.Debug|Any CPU.Build.0 = Debug|Any CPU
		{93D2DB7E-5164-472C-ACB4-852812731CDD}.Debug|Any CPU.Deploy.0 = Debug|Any CPU
		{93D2DB7E-5164-472C-ACB4-852812731CDD}.Debug|ARM.ActiveCfg = Debug|ARM
		{93D2DB7E-5164-472C-ACB4-852812731CDD}.Debug|ARM.Build.0 = Debug|ARM
		{93D2DB7E-5164-472C-ACB4-852812731CDD}.Debug|ARM.Deploy.0 = Debug|ARM
		{93D2DB7E-5164-472C-ACB4-852812731CDD}.Debug|iPhone.ActiveCfg = Debug|Any CPU
		{93D2DB7E-5164-472C-ACB4-852812731CDD}.Debug|iPhone.Build.0 = Debug|Any CPU
		{93D2DB7E-5164-472C-ACB4-852812731CDD}.Debug|iPhone.Deploy.0 = Debug|Any CPU
		{93D2DB7E-5164-472C-ACB4-852812731CDD}.Debug|iPhoneSimulator.ActiveCfg = Debug|Any CPU
		{93D2DB7E-5164-472C-ACB4-852812731CDD}.Debug|iPhoneSimulator.Build.0 = Debug|Any CPU
		{93D2DB7E-5164-472C-ACB4-852812731CDD}.Debug|iPhoneSimulator.Deploy.0 = Debug|Any CPU
		{93D2DB7E-5164-472C-ACB4-852812731CDD}.Debug|x64.ActiveCfg = Debug|x64
		{93D2DB7E-5164-472C-ACB4-852812731CDD}.Debug|x64.Build.0 = Debug|x64
		{93D2DB7E-5164-472C-ACB4-852812731CDD}.Debug|x64.Deploy.0 = Debug|x64
		{93D2DB7E-5164-472C-ACB4-852812731CDD}.Debug|x86.ActiveCfg = Debug|x86
		{93D2DB7E-5164-472C-ACB4-852812731CDD}.Debug|x86.Build.0 = Debug|x86
		{93D2DB7E-5164-472C-ACB4-852812731CDD}.Debug|x86.Deploy.0 = Debug|x86
		{93D2DB7E-5164-472C-ACB4-852812731CDD}.Release|Any CPU.ActiveCfg = Release|Any CPU
		{93D2DB7E-5164-472C-ACB4-852812731CDD}.Release|Any CPU.Build.0 = Release|Any CPU
		{93D2DB7E-5164-472C-ACB4-852812731CDD}.Release|Any CPU.Deploy.0 = Release|Any CPU
		{93D2DB7E-5164-472C-ACB4-852812731CDD}.Release|ARM.ActiveCfg = Release|ARM
		{93D2DB7E-5164-472C-ACB4-852812731CDD}.Release|ARM.Build.0 = Release|ARM
		{93D2DB7E-5164-472C-ACB4-852812731CDD}.Release|ARM.Deploy.0 = Release|ARM
		{93D2DB7E-5164-472C-ACB4-852812731CDD}.Release|iPhone.ActiveCfg = Release|Any CPU
		{93D2DB7E-5164-472C-ACB4-852812731CDD}.Release|iPhone.Build.0 = Release|Any CPU
		{93D2DB7E-5164-472C-ACB4-852812731CDD}.Release|iPhone.Deploy.0 = Release|Any CPU
		{93D2DB7E-5164-472C-ACB4-852812731CDD}.Release|iPhoneSimulator.ActiveCfg = Release|Any CPU
		{93D2DB7E-5164-472C-ACB4-852812731CDD}.Release|iPhoneSimulator.Build.0 = Release|Any CPU
		{93D2DB7E-5164-472C-ACB4-852812731CDD}.Release|iPhoneSimulator.Deploy.0 = Release|Any CPU
		{93D2DB7E-5164-472C-ACB4-852812731CDD}.Release|x64.ActiveCfg = Release|x64
		{93D2DB7E-5164-472C-ACB4-852812731CDD}.Release|x64.Build.0 = Release|x64
		{93D2DB7E-5164-472C-ACB4-852812731CDD}.Release|x64.Deploy.0 = Release|x64
		{93D2DB7E-5164-472C-ACB4-852812731CDD}.Release|x86.ActiveCfg = Release|x86
		{93D2DB7E-5164-472C-ACB4-852812731CDD}.Release|x86.Build.0 = Release|x86
		{93D2DB7E-5164-472C-ACB4-852812731CDD}.Release|x86.Deploy.0 = Release|x86
		{3923D0C0-2769-45C0-9960-2CB145EDC4FC}.Ad-Hoc|Any CPU.ActiveCfg = Release|Any CPU
		{3923D0C0-2769-45C0-9960-2CB145EDC4FC}.Ad-Hoc|Any CPU.Build.0 = Release|Any CPU
		{3923D0C0-2769-45C0-9960-2CB145EDC4FC}.Ad-Hoc|ARM.ActiveCfg = Release|Any CPU
		{3923D0C0-2769-45C0-9960-2CB145EDC4FC}.Ad-Hoc|ARM.Build.0 = Release|Any CPU
		{3923D0C0-2769-45C0-9960-2CB145EDC4FC}.Ad-Hoc|iPhone.ActiveCfg = Release|Any CPU
		{3923D0C0-2769-45C0-9960-2CB145EDC4FC}.Ad-Hoc|iPhone.Build.0 = Release|Any CPU
		{3923D0C0-2769-45C0-9960-2CB145EDC4FC}.Ad-Hoc|iPhoneSimulator.ActiveCfg = Release|Any CPU
		{3923D0C0-2769-45C0-9960-2CB145EDC4FC}.Ad-Hoc|iPhoneSimulator.Build.0 = Release|Any CPU
		{3923D0C0-2769-45C0-9960-2CB145EDC4FC}.Ad-Hoc|x64.ActiveCfg = Release|Any CPU
		{3923D0C0-2769-45C0-9960-2CB145EDC4FC}.Ad-Hoc|x64.Build.0 = Release|Any CPU
		{3923D0C0-2769-45C0-9960-2CB145EDC4FC}.Ad-Hoc|x86.ActiveCfg = Release|Any CPU
		{3923D0C0-2769-45C0-9960-2CB145EDC4FC}.Ad-Hoc|x86.Build.0 = Release|Any CPU
		{3923D0C0-2769-45C0-9960-2CB145EDC4FC}.AppStore|Any CPU.ActiveCfg = Release|Any CPU
		{3923D0C0-2769-45C0-9960-2CB145EDC4FC}.AppStore|Any CPU.Build.0 = Release|Any CPU
		{3923D0C0-2769-45C0-9960-2CB145EDC4FC}.AppStore|ARM.ActiveCfg = Release|Any CPU
		{3923D0C0-2769-45C0-9960-2CB145EDC4FC}.AppStore|ARM.Build.0 = Release|Any CPU
		{3923D0C0-2769-45C0-9960-2CB145EDC4FC}.AppStore|iPhone.ActiveCfg = Release|Any CPU
		{3923D0C0-2769-45C0-9960-2CB145EDC4FC}.AppStore|iPhone.Build.0 = Release|Any CPU
		{3923D0C0-2769-45C0-9960-2CB145EDC4FC}.AppStore|iPhoneSimulator.ActiveCfg = Release|Any CPU
		{3923D0C0-2769-45C0-9960-2CB145EDC4FC}.AppStore|iPhoneSimulator.Build.0 = Release|Any CPU
		{3923D0C0-2769-45C0-9960-2CB145EDC4FC}.AppStore|x64.ActiveCfg = Release|Any CPU
		{3923D0C0-2769-45C0-9960-2CB145EDC4FC}.AppStore|x64.Build.0 = Release|Any CPU
		{3923D0C0-2769-45C0-9960-2CB145EDC4FC}.AppStore|x86.ActiveCfg = Release|Any CPU
		{3923D0C0-2769-45C0-9960-2CB145EDC4FC}.AppStore|x86.Build.0 = Release|Any CPU
		{3923D0C0-2769-45C0-9960-2CB145EDC4FC}.Debug|Any CPU.ActiveCfg = Debug|Any CPU
		{3923D0C0-2769-45C0-9960-2CB145EDC4FC}.Debug|Any CPU.Build.0 = Debug|Any CPU
		{3923D0C0-2769-45C0-9960-2CB145EDC4FC}.Debug|ARM.ActiveCfg = Debug|Any CPU
		{3923D0C0-2769-45C0-9960-2CB145EDC4FC}.Debug|ARM.Build.0 = Debug|Any CPU
		{3923D0C0-2769-45C0-9960-2CB145EDC4FC}.Debug|iPhone.ActiveCfg = Debug|Any CPU
		{3923D0C0-2769-45C0-9960-2CB145EDC4FC}.Debug|iPhone.Build.0 = Debug|Any CPU
		{3923D0C0-2769-45C0-9960-2CB145EDC4FC}.Debug|iPhoneSimulator.ActiveCfg = Debug|Any CPU
		{3923D0C0-2769-45C0-9960-2CB145EDC4FC}.Debug|iPhoneSimulator.Build.0 = Debug|Any CPU
		{3923D0C0-2769-45C0-9960-2CB145EDC4FC}.Debug|x64.ActiveCfg = Debug|Any CPU
		{3923D0C0-2769-45C0-9960-2CB145EDC4FC}.Debug|x64.Build.0 = Debug|Any CPU
		{3923D0C0-2769-45C0-9960-2CB145EDC4FC}.Debug|x86.ActiveCfg = Debug|Any CPU
		{3923D0C0-2769-45C0-9960-2CB145EDC4FC}.Debug|x86.Build.0 = Debug|Any CPU
		{3923D0C0-2769-45C0-9960-2CB145EDC4FC}.Release|Any CPU.ActiveCfg = Release|Any CPU
		{3923D0C0-2769-45C0-9960-2CB145EDC4FC}.Release|Any CPU.Build.0 = Release|Any CPU
		{3923D0C0-2769-45C0-9960-2CB145EDC4FC}.Release|ARM.ActiveCfg = Release|Any CPU
		{3923D0C0-2769-45C0-9960-2CB145EDC4FC}.Release|ARM.Build.0 = Release|Any CPU
		{3923D0C0-2769-45C0-9960-2CB145EDC4FC}.Release|iPhone.ActiveCfg = Release|Any CPU
		{3923D0C0-2769-45C0-9960-2CB145EDC4FC}.Release|iPhone.Build.0 = Release|Any CPU
		{3923D0C0-2769-45C0-9960-2CB145EDC4FC}.Release|iPhoneSimulator.ActiveCfg = Release|Any CPU
		{3923D0C0-2769-45C0-9960-2CB145EDC4FC}.Release|iPhoneSimulator.Build.0 = Release|Any CPU
		{3923D0C0-2769-45C0-9960-2CB145EDC4FC}.Release|x64.ActiveCfg = Release|Any CPU
		{3923D0C0-2769-45C0-9960-2CB145EDC4FC}.Release|x64.Build.0 = Release|Any CPU
		{3923D0C0-2769-45C0-9960-2CB145EDC4FC}.Release|x86.ActiveCfg = Release|Any CPU
		{3923D0C0-2769-45C0-9960-2CB145EDC4FC}.Release|x86.Build.0 = Release|Any CPU
	EndGlobalSection
	GlobalSection(SolutionProperties) = preSolution
		HideSolutionNode = FALSE
	EndGlobalSection
EndGlobal
